{
  "name": "modify-nginx-conf",
  "version": "1.0.0",
  "lockfileVersion": 1,
  "requires": true,
  "dependencies": {
    "@types/node": {
      "version": "15.12.2",
      "resolved": "https://r.cnpmjs.org/@types/node/download/@types/node-15.12.2.tgz",
      "integrity": "sha1-HytCxL5xVv9Kb5FLL7A9BfqE440=",
      "dev": true
    },
    "@types/ssh2": {
      "version": "0.5.46",
      "resolved": "https://r.cnpmjs.org/@types/ssh2/download/@types/ssh2-0.5.46.tgz",
      "integrity": "sha1-4SNBokKuoOmKwt7IngOb9CH9NYQ=",
      "dev": true,
      "requires": {
        "@types/node": "*",
        "@types/ssh2-streams": "*"
      }
    },
    "@types/ssh2-streams": {
      "version": "0.1.8",
      "resolved": "https://r.cnpmjs.org/@types/ssh2-streams/download/@types/ssh2-streams-0.1.8.tgz",
      "integrity": "sha1-FCr0BNrgWZMa6n/NFRG1R4lk/rY=",
      "dev": true,
      "requires": {
        "@types/node": "*"
      }
    },
    "asn1": {
      "version": "0.2.4",
      "resolved": "https://r.cnpmjs.org/asn1/download/asn1-0.2.4.tgz",
      "integrity": "sha1-jSR136tVO7M+d7VOWeiAu4ziMTY=",
      "dev": true,
      "requires": {
        "safer-buffer": "~2.1.0"
      }
    },
    "bcrypt-pbkdf": {
      "version": "1.0.2",
      "resolved": "https://r.cnpmjs.org/bcrypt-pbkdf/download/bcrypt-pbkdf-1.0.2.tgz",
      "integrity": "sha1-pDAdOJtqQ/m2f/PKEaP2Y342Dp4=",
      "dev": true,
      "requires": {
        "tweetnacl": "^0.14.3"
      }
    },
    "colors": {
      "version": "1.4.0",
      "resolved": "https://r.cnpmjs.org/colors/download/colors-1.4.0.tgz",
      "integrity": "sha1-xQSRR51MG9rtLJztMs98fcI2D3g=",
      "dev": true
    },
    "cpu-features": {
      "version": "0.0.2",
      "resolved": "https://r.cnpmjs.org/cpu-features/download/cpu-features-0.0.2.tgz",
      "integrity": "sha1-n2NhVvEVX9BL26oCi7PC++886no=",
      "dev": true,
      "optional": true,
      "requires": {
        "nan": "^2.14.1"
      }
    },
    "nan": {
      "version": "2.14.2",
      "resolved": "https://r.cnpmjs.org/nan/download/nan-2.14.2.tgz",
      "integrity": "sha1-9TdkAGlRaPTMaUrJOT0MlYXu6hk=",
      "dev": true,
      "optional": true
    },
    "safer-buffer": {
      "version": "2.1.2",
      "resolved": "https://r.cnpmjs.org/safer-buffer/download/safer-buffer-2.1.2.tgz",
      "integrity": "sha1-RPoWGwGHuVSd2Eu5GAL5vYOFzWo=",
      "dev": true
    },
    "ssh2": {
      "version": "1.1.0",
      "resolved": "https://r.cnpmjs.org/ssh2/download/ssh2-1.1.0.tgz",
      "integrity": "sha1-Q90kkw4V4xdof1Gda0AnDZzQDQA=",
      "dev": true,
      "requires": {
        "asn1": "^0.2.4",
        "bcrypt-pbkdf": "^1.0.2",
        "cpu-features": "0.0.2",
        "nan": "^2.14.2"
      }
    },
    "tweetnacl": {
      "version": "0.14.5",
      "resolved": "https://r.cnpmjs.org/tweetnacl/download/tweetnacl-0.14.5.tgz",
      "integrity": "sha1-WuaBd/GS1EViadEIr6k/+HQ/T2Q=",
      "dev": true
    },
    "typescript": {
      "version": "4.3.2",
      "resolved": "https://r.cnpmjs.org/typescript/download/typescript-4.3.2.tgz",
      "integrity": "sha1-OZqxiqxFgC1vJJjeUFT8u+cWqAU=",
      "dev": true
    }
  }
}
